
Microsoft Visual Studio Solution File, Format Version 12.00
# Visual Studio 15
VisualStudioVersion = 15.0.28307.1500
MinimumVisualStudioVersion = 10.0.40219.1
Project("{FAE04EC0-301F-11D3-BF4B-00C04F79EFBC}") = "String-Base64", "ConsoleApp1\String-Base64.csproj", "{B02D723F-2A60-47C8-BF62-58E8EA9CAA26}"
EndProject
Global
	GlobalSection(SolutionConfigurationPlatforms) = preSolution
		Debug|Any CPU = Debug|Any CPU
		Release|Any CPU = Release|Any CPU
	EndGlobalSection
	GlobalSection(ProjectConfigurationPlatforms) = postSolution
		{B02D723F-2A60-47C8-BF62-58E8EA9CAA26}.Debug|Any CPU.ActiveCfg = Debug|Any CPU
		{B02D723F-2A60-47C8-BF62-58E8EA9CAA26}.Debug|Any CPU.Build.0 = Debug|Any CPU
		{B02D723F-2A60-47C8-BF62-58E8EA9CAA26}.Release|Any CPU.ActiveCfg = Release|Any CPU
		{B02D723F-2A60-47C8-BF62-58E8EA9CAA26}.Release|Any CPU.Build.0 = Release|Any CPU
	EndGlobalSection
	GlobalSection(SolutionProperties) = preSolution
		HideSolutionNode = FALSE
	EndGlobalSection
	GlobalSection(ExtensibilityGlobals) = postSolution
		SolutionGuid = {6285E77A-4F84-427B-801E-756376F6CC0D}
	EndGlobalSection
EndGlobal
